github.com/golang/glog v0.0.0-20160126235308-23def4e6c14b h1:VKtxabqXZkF25pY9ekfRL6a582T4P37/31XEstQ5p58=
github.com/golang/glog v0.0.0-20160126235308-23def4e6c14b/go.mod h1:SBH7ygxi8pfUlaOkMMuAQtPIUF8ecWP5IEl/CR7VP2Q=
gortc.io/stun v1.22.1 h1:96mOdDATYRqhYB+TZdenWBg4CzL2Ye5kPyBXQ8KAB+8=
gortc.io/stun v1.22.1/go.mod h1:XD5lpONVyjvV3BgOyJFNo0iv6R2oZB4L+weMqxts+zg=
